<?xml version="1.0" encoding="UTF-8" standalone="yes" ?>
<CodeBlocks_project_file>
	<FileVersion major="1" minor="6" />
	<Project>
		<Option title="completeThisShit" />
		<Option pch_mode="2" />
		<Option compiler="gcc" />
		<Build>
			<Target title="Debug">
				<Option output="bin/Debug/completeThisShit.exe" prefix_auto="1" extension_auto="0" />
				<Option object_output="obj/Debug/" />
				<Option type="1" />
				<Option compiler="gcc" />
				<Compiler>
					<Add option="-std=c++11" />
					<Add option="-g" />
					<Add directory="include" />
					<Add directory="My Projects/completeThisShit/include/ResourceManagement" />
					<Add directory="My Projects/completeThisShit/include/Entities" />
					<Add directory="include/Entities" />
					<Add directory="My Projects/completeThisShit/include" />
				</Compiler>
				<Linker>
					<Add library="sfml-graphics" />
					<Add library="sfml-audio" />
					<Add library="sfml-network" />
					<Add library="sfml-window" />
					<Add library="sfml-system" />
					<Add library="Box2D" />
					<Add library="zlib" />
				</Linker>
			</Target>
			<Target title="Release">
				<Option output="bin/Release/completeThisShit" prefix_auto="1" extension_auto="1" />
				<Option object_output="obj/Release/" />
				<Option type="1" />
				<Option compiler="gcc" />
				<Compiler>
					<Add option="-O2" />
					<Add directory="include" />
					<Add directory="My Projects/completeThisShit/include/ResourceManagement" />
					<Add directory="My Projects/completeThisShit/include/Entities" />
					<Add directory="include/Entities" />
					<Add directory="My Projects/completeThisShit/include" />
				</Compiler>
				<Linker>
					<Add option="-s" />
				</Linker>
			</Target>
		</Build>
		<Compiler>
			<Add option="-Wall" />
			<Add option="-std=c++11" />
			<Add directory="../../c++ libraries/SFML-2.4.2/include" />
			<Add directory="../../Box2D-2.3.0/Box2D" />
			<Add directory="../../c++ libraries/zlib/include" />
			<Add directory="../../c++ libraries/sfml-tmxloader-master/include" />
		</Compiler>
		<Linker>
			<Add library="sfml-graphics" />
			<Add library="sfml-audio" />
			<Add library="sfml-network" />
			<Add library="sfml-window" />
			<Add library="sfml-system" />
			<Add library="Box2D" />
			<Add library="zlib" />
			<Add directory="../../c++ libraries/SFML-2.4.2/lib" />
			<Add directory="../../Box2D-2.3.0/Box2D/Build/Box2D" />
			<Add directory="../../c++ libraries/zlib/lib" />
		</Linker>
		<Unit filename="../../c++ libraries/sfml-tmxloader-master/src/DebugShape.cpp" />
		<Unit filename="../../c++ libraries/sfml-tmxloader-master/src/MapLayer.cpp" />
		<Unit filename="../../c++ libraries/sfml-tmxloader-master/src/MapLoaderPrivate.cpp" />
		<Unit filename="../../c++ libraries/sfml-tmxloader-master/src/MapLoaderPublic.cpp" />
		<Unit filename="../../c++ libraries/sfml-tmxloader-master/src/MapObject.cpp" />
		<Unit filename="../../c++ libraries/sfml-tmxloader-master/src/QuadTreeNode.cpp" />
		<Unit filename="../../c++ libraries/sfml-tmxloader-master/src/pugixml/pugixml.cpp" />
		<Unit filename="../../c++ libraries/sfml-tmxloader-master/src/tmx2box2d.cpp" />
		<Unit filename="include/Entities/Ball.h" />
		<Unit filename="include/Entities/Entity.h" />
		<Unit filename="include/Entities/EntityTypes.h" />
		<Unit filename="include/Entities/Spike.h" />
		<Unit filename="include/EntityFactory.h" />
		<Unit filename="include/Game.h" />
		<Unit filename="include/GameLogic.h" />
		<Unit filename="include/ResourceManagement/MapHolder.hpp" />
		<Unit filename="include/ResourceManagement/MapHolder.inl" />
		<Unit filename="include/ResourceManagement/ResourceHolder.hpp" />
		<Unit filename="include/ResourceManagement/ResourceHolder.inl" />
		<Unit filename="main.cpp" />
		<Unit filename="src/Ball.cpp" />
		<Unit filename="src/Entity.cpp" />
		<Unit filename="src/EntityFactory.cpp" />
		<Unit filename="src/Game.cpp" />
		<Unit filename="src/GameLogic.cpp" />
		<Unit filename="src/Spike.cpp" />
		<Extensions>
			<code_completion />
			<envvars />
			<debugger />
			<lib_finder disable_auto="1" />
		</Extensions>
	</Project>
</CodeBlocks_project_file>
